// !$*UTF8*$!
{
	archiveVersion = 1;
	classes = {
	};
	objectVersion = 55;
	objects = {

/* Begin PBXBuildFile section */
		36DA1C5627862708008AC034 /* AppDelegate.swift in Sources */ = {isa = PBXBuildFile; fileRef = 36DA1C5527862708008AC034 /* AppDelegate.swift */; };
		36DA1C5827862708008AC034 /* SceneDelegate.swift in Sources */ = {isa = PBXBuildFile; fileRef = 36DA1C5727862708008AC034 /* SceneDelegate.swift */; };
		36DA1C5D27862708008AC034 /* Main.storyboard in Resources */ = {isa = PBXBuildFile; fileRef = 36DA1C5B27862708008AC034 /* Main.storyboard */; };
		36DA1C5F2786270C008AC034 /* Assets.xcassets in Resources */ = {isa = PBXBuildFile; fileRef = 36DA1C5E2786270C008AC034 /* Assets.xcassets */; };
		36DA1C622786270C008AC034 /* LaunchScreen.storyboard in Resources */ = {isa = PBXBuildFile; fileRef = 36DA1C602786270C008AC034 /* LaunchScreen.storyboard */; };
		36DA1C7127862937008AC034 /* Post.swift in Sources */ = {isa = PBXBuildFile; fileRef = 36DA1C7027862937008AC034 /* Post.swift */; };
		36DA1C7327862D52008AC034 /* PostController.swift in Sources */ = {isa = PBXBuildFile; fileRef = 36DA1C7227862D52008AC034 /* PostController.swift */; };
		36DA1C76278632C6008AC034 /* PostError.swift in Sources */ = {isa = PBXBuildFile; fileRef = 36DA1C75278632C6008AC034 /* PostError.swift */; };
		36DA1C7827863386008AC034 /* UIViewExtension.swift in Sources */ = {isa = PBXBuildFile; fileRef = 36DA1C7727863386008AC034 /* UIViewExtension.swift */; };
		36DA1C7A278661C5008AC034 /* PostListTableViewController.swift in Sources */ = {isa = PBXBuildFile; fileRef = 36DA1C79278661C5008AC034 /* PostListTableViewController.swift */; };
		36DA1C7D2786672C008AC034 /* postTableViewCell.swift in Sources */ = {isa = PBXBuildFile; fileRef = 36DA1C7C2786672C008AC034 /* postTableViewCell.swift */; };
/* End PBXBuildFile section */

/* Begin PBXFileReference section */
		36DA1C5227862707008AC034 /* Reddit.app */ = {isa = PBXFileReference; explicitFileType = wrapper.application; includeInIndex = 0; path = Reddit.app; sourceTree = BUILT_PRODUCTS_DIR; };
		36DA1C5527862708008AC034 /* AppDelegate.swift */ = {isa = PBXFileReference; lastKnownFileType = sourcecode.swift; path = AppDelegate.swift; sourceTree = "<group>"; };
		36DA1C5727862708008AC034 /* SceneDelegate.swift */ = {isa = PBXFileReference; lastKnownFileType = sourcecode.swift; path = SceneDelegate.swift; sourceTree = "<group>"; };
		36DA1C5C27862708008AC034 /* Base */ = {isa = PBXFileReference; lastKnownFileType = file.storyboard; name = Base; path = Base.lproj/Main.storyboard; sourceTree = "<group>"; };
		36DA1C5E2786270C008AC034 /* Assets.xcassets */ = {isa = PBXFileReference; lastKnownFileType = folder.assetcatalog; path = Assets.xcassets; sourceTree = "<group>"; };
		36DA1C612786270C008AC034 /* Base */ = {isa = PBXFileReference; lastKnownFileType = file.storyboard; name = Base; path = Base.lproj/LaunchScreen.storyboard; sourceTree = "<group>"; };
		36DA1C632786270C008AC034 /* Info.plist */ = {isa = PBXFileReference; lastKnownFileType = text.plist.xml; path = Info.plist; sourceTree = "<group>"; };
		36DA1C7027862937008AC034 /* Post.swift */ = {isa = PBXFileReference; lastKnownFileType = sourcecode.swift; path = Post.swift; sourceTree = "<group>"; };
		36DA1C7227862D52008AC034 /* PostController.swift */ = {isa = PBXFileReference; lastKnownFileType = sourcecode.swift; path = PostController.swift; sourceTree = "<group>"; };
		36DA1C75278632C6008AC034 /* PostError.swift */ = {isa = PBXFileReference; lastKnownFileType = sourcecode.swift; path = PostError.swift; sourceTree = "<group>"; };
		36DA1C7727863386008AC034 /* UIViewExtension.swift */ = {isa = PBXFileReference; lastKnownFileType = sourcecode.swift; path = UIViewExtension.swift; sourceTree = "<group>"; };
		36DA1C79278661C5008AC034 /* PostListTableViewController.swift */ = {isa = PBXFileReference; lastKnownFileType = sourcecode.swift; path = PostListTableViewController.swift; sourceTree = "<group>"; };
		36DA1C7C2786672C008AC034 /* postTableViewCell.swift */ = {isa = PBXFileReference; lastKnownFileType = sourcecode.swift; path = postTableViewCell.swift; sourceTree = "<group>"; };
/* End PBXFileReference section */

/* Begin PBXFrameworksBuildPhase section */
		36DA1C4F27862707008AC034 /* Frameworks */ = {
			isa = PBXFrameworksBuildPhase;
			buildActionMask = 2147483647;
			files = (
			);
			runOnlyForDeploymentPostprocessing = 0;
		};
/* End PBXFrameworksBuildPhase section */

/* Begin PBXGroup section */
		36DA1C4927862707008AC034 = {
			isa = PBXGroup;
			children = (
				36DA1C5427862707008AC034 /* Reddit */,
				36DA1C5327862707008AC034 /* Products */,
			);
			sourceTree = "<group>";
		};
		36DA1C5327862707008AC034 /* Products */ = {
			isa = PBXGroup;
			children = (
				36DA1C5227862707008AC034 /* Reddit.app */,
			);
			name = Products;
			sourceTree = "<group>";
		};
		36DA1C5427862707008AC034 /* Reddit */ = {
			isa = PBXGroup;
			children = (
				36DA1C6F27862776008AC034 /* Models */,
				36DA1C6B2786275D008AC034 /* Views */,
				36DA1C6C27862760008AC034 /* Controllers */,
				36DA1C74278632A0008AC034 /* Helpers + Extensions */,
				36DA1C6927862731008AC034 /* Resources */,
			);
			path = Reddit;
			sourceTree = "<group>";
		};
		36DA1C6927862731008AC034 /* Resources */ = {
			isa = PBXGroup;
			children = (
				36DA1C5527862708008AC034 /* AppDelegate.swift */,
				36DA1C5727862708008AC034 /* SceneDelegate.swift */,
				36DA1C5E2786270C008AC034 /* Assets.xcassets */,
				36DA1C632786270C008AC034 /* Info.plist */,
			);
			path = Resources;
			sourceTree = "<group>";
		};
		36DA1C6A27862751008AC034 /* Storyboards */ = {
			isa = PBXGroup;
			children = (
				36DA1C5B27862708008AC034 /* Main.storyboard */,
				36DA1C602786270C008AC034 /* LaunchScreen.storyboard */,
			);
			path = Storyboards;
			sourceTree = "<group>";
		};
		36DA1C6B2786275D008AC034 /* Views */ = {
			isa = PBXGroup;
			children = (
				36DA1C7B2786670C008AC034 /* CustomViews */,
				36DA1C6A27862751008AC034 /* Storyboards */,
			);
			path = Views;
			sourceTree = "<group>";
		};
		36DA1C6C27862760008AC034 /* Controllers */ = {
			isa = PBXGroup;
			children = (
				36DA1C6E2786276B008AC034 /* View Controllers */,
				36DA1C6D27862764008AC034 /* Model Controllers */,
				36DA1C7227862D52008AC034 /* PostController.swift */,
			);
			path = Controllers;
			sourceTree = "<group>";
		};
		36DA1C6D27862764008AC034 /* Model Controllers */ = {
			isa = PBXGroup;
			children = (
			);
			path = "Model Controllers";
			sourceTree = "<group>";
		};
		36DA1C6E2786276B008AC034 /* View Controllers */ = {
			isa = PBXGroup;
			children = (
				36DA1C79278661C5008AC034 /* PostListTableViewController.swift */,
			);
			path = "View Controllers";
			sourceTree = "<group>";
		};
		36DA1C6F27862776008AC034 /* Models */ = {
			isa = PBXGroup;
			children = (
				36DA1C7027862937008AC034 /* Post.swift */,
			);
			path = Models;
			sourceTree = "<group>";
		};
		36DA1C74278632A0008AC034 /* Helpers + Extensions */ = {
			isa = PBXGroup;
			children = (
				36DA1C75278632C6008AC034 /* PostError.swift */,
				36DA1C7727863386008AC034 /* UIViewExtension.swift */,
			);
			path = "Helpers + Extensions";
			sourceTree = "<group>";
		};
		36DA1C7B2786670C008AC034 /* CustomViews */ = {
			isa = PBXGroup;
			children = (
				36DA1C7C2786672C008AC034 /* postTableViewCell.swift */,
			);
			path = CustomViews;
			sourceTree = "<group>";
		};
/* End PBXGroup section */

/* Begin PBXNativeTarget section */
		36DA1C5127862707008AC034 /* Reddit */ = {
			isa = PBXNativeTarget;
			buildConfigurationList = 36DA1C662786270C008AC034 /* Build configuration list for PBXNativeTarget "Reddit" */;
			buildPhases = (
				36DA1C4E27862707008AC034 /* Sources */,
				36DA1C4F27862707008AC034 /* Frameworks */,
				36DA1C5027862707008AC034 /* Resources */,
			);
			buildRules = (
			);
			dependencies = (
			);
			name = Reddit;
			productName = Reddit;
			productReference = 36DA1C5227862707008AC034 /* Reddit.app */;
			productType = "com.apple.product-type.application";
		};
/* End PBXNativeTarget section */

/* Begin PBXProject section */
		36DA1C4A27862707008AC034 /* Project object */ = {
			isa = PBXProject;
			attributes = {
				BuildIndependentTargetsInParallel = 1;
				LastSwiftUpdateCheck = 1320;
				LastUpgradeCheck = 1320;
				TargetAttributes = {
					36DA1C5127862707008AC034 = {
						CreatedOnToolsVersion = 13.2.1;
					};
				};
			};
			buildConfigurationList = 36DA1C4D27862707008AC034 /* Build configuration list for PBXProject "Reddit" */;
			compatibilityVersion = "Xcode 13.0";
			developmentRegion = en;
			hasScannedForEncodings = 0;
			knownRegions = (
				en,
				Base,
			);
			mainGroup = 36DA1C4927862707008AC034;
			productRefGroup = 36DA1C5327862707008AC034 /* Products */;
			projectDirPath = "";
			projectRoot = "";
			targets = (
				36DA1C5127862707008AC034 /* Reddit */,
			);
		};
/* End PBXProject section */

/* Begin PBXResourcesBuildPhase section */
		36DA1C5027862707008AC034 /* Resources */ = {
			isa = PBXResourcesBuildPhase;
			buildActionMask = 2147483647;
			files = (
				36DA1C622786270C008AC034 /* LaunchScreen.storyboard in Resources */,
				36DA1C5F2786270C008AC034 /* Assets.xcassets in Resources */,
				36DA1C5D27862708008AC034 /* Main.storyboard in Resources */,
			);
			runOnlyForDeploymentPostprocessing = 0;
		};
/* End PBXResourcesBuildPhase section */

/* Begin PBXSourcesBuildPhase section */
		36DA1C4E27862707008AC034 /* Sources */ = {
			isa = PBXSourcesBuildPhase;
			buildActionMask = 2147483647;
			files = (
				36DA1C76278632C6008AC034 /* PostError.swift in Sources */,
				36DA1C7127862937008AC034 /* Post.swift in Sources */,
				36DA1C7A278661C5008AC034 /* PostListTableViewController.swift in Sources */,
				36DA1C7D2786672C008AC034 /* postTableViewCell.swift in Sources */,
				36DA1C7827863386008AC034 /* UIViewExtension.swift in Sources */,
				36DA1C7327862D52008AC034 /* PostController.swift in Sources */,
				36DA1C5627862708008AC034 /* AppDelegate.swift in Sources */,
				36DA1C5827862708008AC034 /* SceneDelegate.swift in Sources */,
			);
			runOnlyForDeploymentPostprocessing = 0;
		};
/* End PBXSourcesBuildPhase section */

/* Begin PBXVariantGroup section */
		36DA1C5B27862708008AC034 /* Main.storyboard */ = {
			isa = PBXVariantGroup;
			children = (
				36DA1C5C27862708008AC034 /* Base */,
			);
			name = Main.storyboard;
			sourceTree = "<group>";
		};
		36DA1C602786270C008AC034 /* LaunchScreen.storyboard */ = {
			isa = PBXVariantGroup;
			children = (
				36DA1C612786270C008AC034 /* Base */,
			);
			name = LaunchScreen.storyboard;
			sourceTree = "<group>";
		};
/* End PBXVariantGroup section */

/* Begin XCBuildConfiguration section */
		36DA1C642786270C008AC034 /* Debug */ = {
			isa = XCBuildConfiguration;
			buildSettings = {
				ALWAYS_SEARCH_USER_PATHS = NO;
				CLANG_ANALYZER_NONNULL = YES;
				CLANG_ANALYZER_NUMBER_OBJECT_CONVERSION = YES_AGGRESSIVE;
				CLANG_CXX_LANGUAGE_STANDARD = "gnu++17";
				CLANG_CXX_LIBRARY = "libc++";
				CLANG_ENABLE_MODULES = YES;
				CLANG_ENABLE_OBJC_ARC = YES;
				CLANG_ENABLE_OBJC_WEAK = YES;
				CLANG_WARN_BLOCK_CAPTURE_AUTORELEASING = YES;
				CLANG_WARN_BOOL_CONVERSION = YES;
				CLANG_WARN_COMMA = YES;
				CLANG_WARN_CONSTANT_CONVERSION = YES;
				CLANG_WARN_DEPRECATED_OBJC_IMPLEMENTATIONS = YES;
				CLANG_WARN_DIRECT_OBJC_ISA_USAGE = YES_ERROR;
				CLANG_WARN_DOCUMENTATION_COMMENTS = YES;
				CLANG_WARN_EMPTY_BODY = YES;
				CLANG_WARN_ENUM_CONVERSION = YES;
				CLANG_WARN_INFINITE_RECURSION = YES;
				CLANG_WARN_INT_CONVERSION = YES;
				CLANG_WARN_NON_LITERAL_NULL_CONVERSION = YES;
				CLANG_WARN_OBJC_IMPLICIT_RETAIN_SELF = YES;
				CLANG_WARN_OBJC_LITERAL_CONVERSION = YES;
				CLANG_WARN_OBJC_ROOT_CLASS = YES_ERROR;
				CLANG_WARN_QUOTED_INCLUDE_IN_FRAMEWORK_HEADER = YES;
				CLANG_WARN_RANGE_LOOP_ANALYSIS = YES;
				CLANG_WARN_STRICT_PROTOTYPES = YES;
				CLANG_WARN_SUSPICIOUS_MOVE = YES;
				CLANG_WARN_UNGUARDED_AVAILABILITY = YES_AGGRESSIVE;
				CLANG_WARN_UNREACHABLE_CODE = YES;
				CLANG_WARN__DUPLICATE_METHOD_MATCH = YES;
				COPY_PHASE_STRIP = NO;
				DEBUG_INFORMATION_FORMAT = dwarf;
				ENABLE_STRICT_OBJC_MSGSEND = YES;
				ENABLE_TESTABILITY = YES;
				GCC_C_LANGUAGE_STANDARD = gnu11;
				GCC_DYNAMIC_NO_PIC = NO;
				GCC_NO_COMMON_BLOCKS = YES;
				GCC_OPTIMIZATION_LEVEL = 0;
				GCC_PREPROCESSOR_DEFINITIONS = (
					"DEBUG=1",
					"$(inherited)",
				);
				GCC_WARN_64_TO_32_BIT_CONVERSION = YES;
				GCC_WARN_ABOUT_RETURN_TYPE = YES_ERROR;
				GCC_WARN_UNDECLARED_SELECTOR = YES;
				GCC_WARN_UNINITIALIZED_AUTOS = YES_AGGRESSIVE;
				GCC_WARN_UNUSED_FUNCTION = YES;
				GCC_WARN_UNUSED_VARIABLE = YES;
				IPHONEOS_DEPLOYMENT_TARGET = 15.2;
				MTL_ENABLE_DEBUG_INFO = INCLUDE_SOURCE;
				MTL_FAST_MATH = YES;
				ONLY_ACTIVE_ARCH = YES;
				SDKROOT = iphoneos;
				SWIFT_ACTIVE_COMPILATION_CONDITIONS = DEBUG;
				SWIFT_OPTIMIZATION_LEVEL = "-Onone";
			};
			name = Debug;
		};
		36DA1C652786270C008AC034 /* Release */ = {
			isa = XCBuildConfiguration;
			buildSettings = {
				ALWAYS_SEARCH_USER_PATHS = NO;
				CLANG_ANALYZER_NONNULL = YES;
				CLANG_ANALYZER_NUMBER_OBJECT_CONVERSION = YES_AGGRESSIVE;
				CLANG_CXX_LANGUAGE_STANDARD = "gnu++17";
				CLANG_CXX_LIBRARY = "libc++";
				CLANG_ENABLE_MODULES = YES;
				CLANG_ENABLE_OBJC_ARC = YES;
				CLANG_ENABLE_OBJC_WEAK = YES;
				CLANG_WARN_BLOCK_CAPTURE_AUTORELEASING = YES;
				CLANG_WARN_BOOL_CONVERSION = YES;
				CLANG_WARN_COMMA = YES;
				CLANG_WARN_CONSTANT_CONVERSION = YES;
				CLANG_WARN_DEPRECATED_OBJC_IMPLEMENTATIONS = YES;
				CLANG_WARN_DIRECT_OBJC_ISA_USAGE = YES_ERROR;
				CLANG_WARN_DOCUMENTATION_COMMENTS = YES;
				CLANG_WARN_EMPTY_BODY = YES;
				CLANG_WARN_ENUM_CONVERSION = YES;
				CLANG_WARN_INFINITE_RECURSION = YES;
				CLANG_WARN_INT_CONVERSION = YES;
				CLANG_WARN_NON_LITERAL_NULL_CONVERSION = YES;
				CLANG_WARN_OBJC_IMPLICIT_RETAIN_SELF = YES;
				CLANG_WARN_OBJC_LITERAL_CONVERSION = YES;
				CLANG_WARN_OBJC_ROOT_CLASS = YES_ERROR;
				CLANG_WARN_QUOTED_INCLUDE_IN_FRAMEWORK_HEADER = YES;
				CLANG_WARN_RANGE_LOOP_ANALYSIS = YES;
				CLANG_WARN_STRICT_PROTOTYPES = YES;
				CLANG_WARN_SUSPICIOUS_MOVE = YES;
				CLANG_WARN_UNGUARDED_AVAILABILITY = YES_AGGRESSIVE;
				CLANG_WARN_UNREACHABLE_CODE = YES;
				CLANG_WARN__DUPLICATE_METHOD_MATCH = YES;
				COPY_PHASE_STRIP = NO;
				DEBUG_INFORMATION_FORMAT = "dwarf-with-dsym";
				ENABLE_NS_ASSERTIONS = NO;
				ENABLE_STRICT_OBJC_MSGSEND = YES;
				GCC_C_LANGUAGE_STANDARD = gnu11;
				GCC_NO_COMMON_BLOCKS = YES;
				GCC_WARN_64_TO_32_BIT_CONVERSION = YES;
				GCC_WARN_ABOUT_RETURN_TYPE = YES_ERROR;
				GCC_WARN_UNDECLARED_SELECTOR = YES;
				GCC_WARN_UNINITIALIZED_AUTOS = YES_AGGRESSIVE;
				GCC_WARN_UNUSED_FUNCTION = YES;
				GCC_WARN_UNUSED_VARIABLE = YES;
				IPHONEOS_DEPLOYMENT_TARGET = 15.2;
				MTL_ENABLE_DEBUG_INFO = NO;
				MTL_FAST_MATH = YES;
				SDKROOT = iphoneos;
				SWIFT_COMPILATION_MODE = wholemodule;
				SWIFT_OPTIMIZATION_LEVEL = "-O";
				VALIDATE_PRODUCT = YES;
			};
			name = Release;
		};
		36DA1C672786270C008AC034 /* Debug */ = {
			isa = XCBuildConfiguration;
			buildSettings = {
				ASSETCATALOG_COMPILER_APPICON_NAME = AppIcon;
				ASSETCATALOG_COMPILER_GLOBAL_ACCENT_COLOR_NAME = AccentColor;
				CODE_SIGN_STYLE = Automatic;
				CURRENT_PROJECT_VERSION = 1;
				DEVELOPMENT_TEAM = H4A4K7JEVG;
				GENERATE_INFOPLIST_FILE = YES;
				INFOPLIST_FILE = Reddit/Resources/Info.plist;
				INFOPLIST_KEY_UIApplicationSupportsIndirectInputEvents = YES;
				INFOPLIST_KEY_UILaunchStoryboardName = LaunchScreen;
				INFOPLIST_KEY_UIMainStoryboardFile = Main;
				INFOPLIST_KEY_UISupportedInterfaceOrientations_iPad = "UIInterfaceOrientationPortrait UIInterfaceOrientationPortraitUpsideDown UIInterfaceOrientationLandscapeLeft UIInterfaceOrientationLandscapeRight";
				INFOPLIST_KEY_UISupportedInterfaceOrientations_iPhone = "UIInterfaceOrientationPortrait UIInterfaceOrientationLandscapeLeft UIInterfaceOrientationLandscapeRight";
				IPHONEOS_DEPLOYMENT_TARGET = 15.1;
				LD_RUNPATH_SEARCH_PATHS = (
					"$(inherited)",
					"@executable_path/Frameworks",
				);
				MARKETING_VERSION = 1.0;
				PRODUCT_BUNDLE_IDENTIFIER = com.JustinLowry.Reddit;
				PRODUCT_NAME = "$(TARGET_NAME)";
				SWIFT_EMIT_LOC_STRINGS = YES;
				SWIFT_VERSION = 5.0;
				TARGETED_DEVICE_FAMILY = "1,2";
			};
			name = Debug;
		};
		36DA1C682786270C008AC034 /* Release */ = {
			isa = XCBuildConfiguration;
			buildSettings = {
				ASSETCATALOG_COMPILER_APPICON_NAME = AppIcon;
				ASSETCATALOG_COMPILER_GLOBAL_ACCENT_COLOR_NAME = AccentColor;
				CODE_SIGN_STYLE = Automatic;
				CURRENT_PROJECT_VERSION = 1;
				DEVELOPMENT_TEAM = H4A4K7JEVG;
				GENERATE_INFOPLIST_FILE = YES;
				INFOPLIST_FILE = Reddit/Resources/Info.plist;
				INFOPLIST_KEY_UIApplicationSupportsIndirectInputEvents = YES;
				INFOPLIST_KEY_UILaunchStoryboardName = LaunchScreen;
				INFOPLIST_KEY_UIMainStoryboardFile = Main;
				INFOPLIST_KEY_UISupportedInterfaceOrientations_iPad = "UIInterfaceOrientationPortrait UIInterfaceOrientationPortraitUpsideDown UIInterfaceOrientationLandscapeLeft UIInterfaceOrientationLandscapeRight";
				INFOPLIST_KEY_UISupportedInterfaceOrientations_iPhone = "UIInterfaceOrientationPortrait UIInterfaceOrientationLandscapeLeft UIInterfaceOrientationLandscapeRight";
				IPHONEOS_DEPLOYMENT_TARGET = 15.1;
				LD_RUNPATH_SEARCH_PATHS = (
					"$(inherited)",
					"@executable_path/Frameworks",
				);
				MARKETING_VERSION = 1.0;
				PRODUCT_BUNDLE_IDENTIFIER = com.JustinLowry.Reddit;
				PRODUCT_NAME = "$(TARGET_NAME)";
				SWIFT_EMIT_LOC_STRINGS = YES;
				SWIFT_VERSION = 5.0;
				TARGETED_DEVICE_FAMILY = "1,2";
			};
			name = Release;
		};
/* End XCBuildConfiguration section */

/* Begin XCConfigurationList section */
		36DA1C4D27862707008AC034 /* Build configuration list for PBXProject "Reddit" */ = {
			isa = XCConfigurationList;
			buildConfigurations = (
				36DA1C642786270C008AC034 /* Debug */,
				36DA1C652786270C008AC034 /* Release */,
			);
			defaultConfigurationIsVisible = 0;
			defaultConfigurationName = Release;
		};
		36DA1C662786270C008AC034 /* Build configuration list for PBXNativeTarget "Reddit" */ = {
			isa = XCConfigurationList;
			buildConfigurations = (
				36DA1C672786270C008AC034 /* Debug */,
				36DA1C682786270C008AC034 /* Release */,
			);
			defaultConfigurationIsVisible = 0;
			defaultConfigurationName = Release;
		};
/* End XCConfigurationList section */
	};
	rootObject = 36DA1C4A27862707008AC034 /* Project object */;
}
